
Microsoft Visual Studio Solution File, Format Version 12.00
# Visual Studio Version 17
VisualStudioVersion = 17.8.34511.84
MinimumVisualStudioVersion = 10.0.40219.1
Project("{FAE04EC0-301F-11D3-BF4B-00C04F79EFBC}") = "NuoliaKaupan 3.3", "NuoliaKaupan 3.3\NuoliaKaupan 3.3.csproj", "{425B8E5C-16B2-42C9-8B3D-CC0E78ACCB9B}"
EndProject
Global
	GlobalSection(SolutionConfigurationPlatforms) = preSolution
		Debug|Any CPU = Debug|Any CPU
		Release|Any CPU = Release|Any CPU
	EndGlobalSection
	GlobalSection(ProjectConfigurationPlatforms) = postSolution
		{425B8E5C-16B2-42C9-8B3D-CC0E78ACCB9B}.Debug|Any CPU.ActiveCfg = Debug|Any CPU
		{425B8E5C-16B2-42C9-8B3D-CC0E78ACCB9B}.Debug|Any CPU.Build.0 = Debug|Any CPU
		{425B8E5C-16B2-42C9-8B3D-CC0E78ACCB9B}.Release|Any CPU.ActiveCfg = Release|Any CPU
		{425B8E5C-16B2-42C9-8B3D-CC0E78ACCB9B}.Release|Any CPU.Build.0 = Release|Any CPU
	EndGlobalSection
	GlobalSection(SolutionProperties) = preSolution
		HideSolutionNode = FALSE
	EndGlobalSection
	GlobalSection(ExtensibilityGlobals) = postSolution
		SolutionGuid = {5A439873-A7D0-442A-ABB4-D1527CF62BA5}
	EndGlobalSection
EndGlobal
